// !$*UTF8*$!
{
	archiveVersion = 1;
	classes = {
	};
	objectVersion = 46;
	objects = {

/* Begin PBXBuildFile section */
		128748061BFC425600384F27 /* HelloLib.h in Headers */ = {isa = PBXBuildFile; fileRef = 128748051BFC425600384F27 /* HelloLib.h */; settings = {ATTRIBUTES = (Public, ); }; };
		1287480D1BFC425600384F27 /* HelloLib.framework in Frameworks */ = {isa = PBXBuildFile; fileRef = 128748021BFC425600384F27 /* HelloLib.framework */; settings = {ASSET_TAGS = (); }; };
		128748121BFC425600384F27 /* HelloLibTests.m in Sources */ = {isa = PBXBuildFile; fileRef = 128748111BFC425600384F27 /* HelloLibTests.m */; };
/* End PBXBuildFile section */

/* Begin PBXContainerItemProxy section */
		1287480E1BFC425600384F27 /* PBXContainerItemProxy */ = {
			isa = PBXContainerItemProxy;
			containerPortal = 128747F91BFC425500384F27 /* Project object */;
			proxyType = 1;
			remoteGlobalIDString = 128748011BFC425600384F27;
			remoteInfo = HelloLib;
		};
/* End PBXContainerItemProxy section */

/* Begin PBXFileReference section */
		128748021BFC425600384F27 /* HelloLib.framework */ = {isa = PBXFileReference; explicitFileType = wrapper.framework; includeInIndex = 0; path = HelloLib.framework; sourceTree = BUILT_PRODUCTS_DIR; };
		128748051BFC425600384F27 /* HelloLib.h */ = {isa = PBXFileReference; lastKnownFileType = sourcecode.c.h; path = HelloLib.h; sourceTree = "<group>"; };
		128748071BFC425600384F27 /* Info.plist */ = {isa = PBXFileReference; lastKnownFileType = text.plist.xml; path = Info.plist; sourceTree = "<group>"; };
		1287480C1BFC425600384F27 /* HelloLibTests.xctest */ = {isa = PBXFileReference; explicitFileType = wrapper.cfbundle; includeInIndex = 0; path = HelloLibTests.xctest; sourceTree = BUILT_PRODUCTS_DIR; };
		128748111BFC425600384F27 /* HelloLibTests.m */ = {isa = PBXFileReference; lastKnownFileType = sourcecode.c.objc; path = HelloLibTests.m; sourceTree = "<group>"; };
		128748131BFC425600384F27 /* Info.plist */ = {isa = PBXFileReference; lastKnownFileType = text.plist.xml; path = Info.plist; sourceTree = "<group>"; };
/* End PBXFileReference section */

/* Begin PBXFrameworksBuildPhase section */
		128747FE1BFC425600384F27 /* Frameworks */ = {
			isa = PBXFrameworksBuildPhase;
			buildActionMask = 2147483647;
			files = (
			);
			runOnlyForDeploymentPostprocessing = 0;
		};
		128748091BFC425600384F27 /* Frameworks */ = {
			isa = PBXFrameworksBuildPhase;
			buildActionMask = 2147483647;
			files = (
				1287480D1BFC425600384F27 /* HelloLib.framework in Frameworks */,
			);
			runOnlyForDeploymentPostprocessing = 0;
		};
/* End PBXFrameworksBuildPhase section */

/* Begin PBXGroup section */
		128747F81BFC425500384F27 = {
			isa = PBXGroup;
			children = (
				128748041BFC425600384F27 /* HelloLib */,
				128748101BFC425600384F27 /* HelloLibTests */,
				128748031BFC425600384F27 /* Products */,
			);
			sourceTree = "<group>";
		};
		128748031BFC425600384F27 /* Products */ = {
			isa = PBXGroup;
			children = (
				128748021BFC425600384F27 /* HelloLib.framework */,
				1287480C1BFC425600384F27 /* HelloLibTests.xctest */,
			);
			name = Products;
			sourceTree = "<group>";
		};
		128748041BFC425600384F27 /* HelloLib */ = {
			isa = PBXGroup;
			children = (
				128748051BFC425600384F27 /* HelloLib.h */,
				128748071BFC425600384F27 /* Info.plist */,
			);
			path = HelloLib;
			sourceTree = "<group>";
		};
		128748101BFC425600384F27 /* HelloLibTests */ = {
			isa = PBXGroup;
			children = (
				128748111BFC425600384F27 /* HelloLibTests.m */,
				128748131BFC425600384F27 /* Info.plist */,
			);
			path = HelloLibTests;
			sourceTree = "<group>";
		};
/* End PBXGroup section */

/* Begin PBXHeadersBuildPhase section */
		128747FF1BFC425600384F27 /* Headers */ = {
			isa = PBXHeadersBuildPhase;
			buildActionMask = 2147483647;
			files = (
				128748061BFC425600384F27 /* HelloLib.h in Headers */,
			);
			runOnlyForDeploymentPostprocessing = 0;
		};
/* End PBXHeadersBuildPhase section */

/* Begin PBXNativeTarget section */
		128748011BFC425600384F27 /* HelloLib */ = {
			isa = PBXNativeTarget;
			buildConfigurationList = 128748161BFC425600384F27 /* Build configuration list for PBXNativeTarget "HelloLib" */;
			buildPhases = (
				128747FD1BFC425600384F27 /* Sources */,
				128747FE1BFC425600384F27 /* Frameworks */,
				128747FF1BFC425600384F27 /* Headers */,
				128748001BFC425600384F27 /* Resources */,
			);
			buildRules = (
			);
			dependencies = (
			);
			name = HelloLib;
			productName = HelloLib;
			productReference = 128748021BFC425600384F27 /* HelloLib.framework */;
			productType = "com.apple.product-type.framework";
		};
		1287480B1BFC425600384F27 /* HelloLibTests */ = {
			isa = PBXNativeTarget;
			buildConfigurationList = 128748191BFC425600384F27 /* Build configuration list for PBXNativeTarget "HelloLibTests" */;
			buildPhases = (
				128748081BFC425600384F27 /* Sources */,
				128748091BFC425600384F27 /* Frameworks */,
				1287480A1BFC425600384F27 /* Resources */,
			);
			buildRules = (
			);
			dependencies = (
				1287480F1BFC425600384F27 /* PBXTargetDependency */,
			);
			name = HelloLibTests;
			productName = HelloLibTests;
			productReference = 1287480C1BFC425600384F27 /* HelloLibTests.xctest */;
			productType = "com.apple.product-type.bundle.unit-test";
		};
/* End PBXNativeTarget section */

/* Begin PBXProject section */
		128747F91BFC425500384F27 /* Project object */ = {
			isa = PBXProject;
			attributes = {
				LastUpgradeCheck = 0700;
				ORGANIZATIONNAME = SpringRain;
				TargetAttributes = {
					128748011BFC425600384F27 = {
						CreatedOnToolsVersion = 7.0;
					};
					1287480B1BFC425600384F27 = {
						CreatedOnToolsVersion = 7.0;
					};
				};
			};
			buildConfigurationList = 128747FC1BFC425500384F27 /* Build configuration list for PBXProject "HelloLib" */;
			compatibilityVersion = "Xcode 3.2";
			developmentRegion = English;
			hasScannedForEncodings = 0;
			knownRegions = (
				en,
			);
			mainGroup = 128747F81BFC425500384F27;
			productRefGroup = 128748031BFC425600384F27 /* Products */;
			projectDirPath = "";
			projectRoot = "";
			targets = (
				128748011BFC425600384F27 /* HelloLib */,
				1287480B1BFC425600384F27 /* HelloLibTests */,
			);
		};
/* End PBXProject section */

/* Begin PBXResourcesBuildPhase section */
		128748001BFC425600384F27 /* Resources */ = {
			isa = PBXResourcesBuildPhase;
			buildActionMask = 2147483647;
			files = (
			);
			runOnlyForDeploymentPostprocessing = 0;
		};
		1287480A1BFC425600384F27 /* Resources */ = {
			isa = PBXResourcesBuildPhase;
			buildActionMask = 2147483647;
			files = (
			);
			runOnlyForDeploymentPostprocessing = 0;
		};
/* End PBXResourcesBuildPhase section */

/* Begin PBXSourcesBuildPhase section */
		128747FD1BFC425600384F27 /* Sources */ = {
			isa = PBXSourcesBuildPhase;
			buildActionMask = 2147483647;
			files = (
			);
			runOnlyForDeploymentPostprocessing = 0;
		};
		128748081BFC425600384F27 /* Sources */ = {
			isa = PBXSourcesBuildPhase;
			buildActionMask = 2147483647;
			files = (
				128748121BFC425600384F27 /* HelloLibTests.m in Sources */,
			);
			runOnlyForDeploymentPostprocessing = 0;
		};
/* End PBXSourcesBuildPhase section */

/* Begin PBXTargetDependency section */
		1287480F1BFC425600384F27 /* PBXTargetDependency */ = {
			isa = PBXTargetDependency;
			target = 128748011BFC425600384F27 /* HelloLib */;
			targetProxy = 1287480E1BFC425600384F27 /* PBXContainerItemProxy */;
		};
/* End PBXTargetDependency section */

/* Begin XCBuildConfiguration section */
		128748141BFC425600384F27 /* Debug */ = {
			isa = XCBuildConfiguration;
			buildSettings = {
				ALWAYS_SEARCH_USER_PATHS = NO;
				CLANG_CXX_LANGUAGE_STANDARD = "gnu++0x";
				CLANG_CXX_LIBRARY = "libc++";
				CLANG_ENABLE_MODULES = YES;
				CLANG_ENABLE_OBJC_ARC = YES;
				CLANG_WARN_BOOL_CONVERSION = YES;
				CLANG_WARN_CONSTANT_CONVERSION = YES;
				CLANG_WARN_DIRECT_OBJC_ISA_USAGE = YES_ERROR;
				CLANG_WARN_EMPTY_BODY = YES;
				CLANG_WARN_ENUM_CONVERSION = YES;
				CLANG_WARN_INT_CONVERSION = YES;
				CLANG_WARN_OBJC_ROOT_CLASS = YES_ERROR;
				CLANG_WARN_UNREACHABLE_CODE = YES;
				CLANG_WARN__DUPLICATE_METHOD_MATCH = YES;
				"CODE_SIGN_IDENTITY[sdk=iphoneos*]" = "iPhone Developer";
				COPY_PHASE_STRIP = NO;
				CURRENT_PROJECT_VERSION = 1;
				DEBUG_INFORMATION_FORMAT = dwarf;
				ENABLE_STRICT_OBJC_MSGSEND = YES;
				ENABLE_TESTABILITY = YES;
				GCC_C_LANGUAGE_STANDARD = gnu99;
				GCC_DYNAMIC_NO_PIC = NO;
				GCC_NO_COMMON_BLOCKS = YES;
				GCC_OPTIMIZATION_LEVEL = 0;
				GCC_PREPROCESSOR_DEFINITIONS = (
					"DEBUG=1",
					"$(inherited)",
				);
				GCC_WARN_64_TO_32_BIT_CONVERSION = YES;
				GCC_WARN_ABOUT_RETURN_TYPE = YES_ERROR;
				GCC_WARN_UNDECLARED_SELECTOR = YES;
				GCC_WARN_UNINITIALIZED_AUTOS = YES_AGGRESSIVE;
				GCC_WARN_UNUSED_FUNCTION = YES;
				GCC_WARN_UNUSED_VARIABLE = YES;
				IPHONEOS_DEPLOYMENT_TARGET = 9.0;
				MTL_ENABLE_DEBUG_INFO = YES;
				ONLY_ACTIVE_ARCH = YES;
				SDKROOT = iphoneos;
				TARGETED_DEVICE_FAMILY = "1,2";
				VERSIONING_SYSTEM = "apple-generic";
				VERSION_INFO_PREFIX = "";
			};
			name = Debug;
		};
		128748151BFC425600384F27 /* Release */ = {
			isa = XCBuildConfiguration;
			buildSettings = {
				ALWAYS_SEARCH_USER_PATHS = NO;
				CLANG_CXX_LANGUAGE_STANDARD = "gnu++0x";
				CLANG_CXX_LIBRARY = "libc++";
				CLANG_ENABLE_MODULES = YES;
				CLANG_ENABLE_OBJC_ARC = YES;
				CLANG_WARN_BOOL_CONVERSION = YES;
				CLANG_WARN_CONSTANT_CONVERSION = YES;
				CLANG_WARN_DIRECT_OBJC_ISA_USAGE = YES_ERROR;
				CLANG_WARN_EMPTY_BODY = YES;
				CLANG_WARN_ENUM_CONVERSION = YES;
				CLANG_WARN_INT_CONVERSION = YES;
				CLANG_WARN_OBJC_ROOT_CLASS = YES_ERROR;
				CLANG_WARN_UNREACHABLE_CODE = YES;
				CLANG_WARN__DUPLICATE_METHOD_MATCH = YES;
				"CODE_SIGN_IDENTITY[sdk=iphoneos*]" = "iPhone Developer";
				COPY_PHASE_STRIP = NO;
				CURRENT_PROJECT_VERSION = 1;
				DEBUG_INFORMATION_FORMAT = "dwarf-with-dsym";
				ENABLE_NS_ASSERTIONS = NO;
				ENABLE_STRICT_OBJC_MSGSEND = YES;
				GCC_C_LANGUAGE_STANDARD = gnu99;
				GCC_NO_COMMON_BLOCKS = YES;
				GCC_WARN_64_TO_32_BIT_CONVERSION = YES;
				GCC_WARN_ABOUT_RETURN_TYPE = YES_ERROR;
				GCC_WARN_UNDECLARED_SELECTOR = YES;
				GCC_WARN_UNINITIALIZED_AUTOS = YES_AGGRESSIVE;
				GCC_WARN_UNUSED_FUNCTION = YES;
				GCC_WARN_UNUSED_VARIABLE = YES;
				IPHONEOS_DEPLOYMENT_TARGET = 9.0;
				MTL_ENABLE_DEBUG_INFO = NO;
				SDKROOT = iphoneos;
				TARGETED_DEVICE_FAMILY = "1,2";
				VALIDATE_PRODUCT = YES;
				VERSIONING_SYSTEM = "apple-generic";
				VERSION_INFO_PREFIX = "";
			};
			name = Release;
		};
		128748171BFC425600384F27 /* Debug */ = {
			isa = XCBuildConfiguration;
			buildSettings = {
				DEFINES_MODULE = YES;
				DYLIB_COMPATIBILITY_VERSION = 1;
				DYLIB_CURRENT_VERSION = 1;
				DYLIB_INSTALL_NAME_BASE = "@rpath";
				INFOPLIST_FILE = HelloLib/Info.plist;
				INSTALL_PATH = "$(LOCAL_LIBRARY_DIR)/Frameworks";
				LD_RUNPATH_SEARCH_PATHS = "$(inherited) @executable_path/Frameworks @loader_path/Frameworks";
				PRODUCT_BUNDLE_IDENTIFIER = com.chunyu.HelloLib;
				PRODUCT_NAME = "$(TARGET_NAME)";
				SKIP_INSTALL = YES;
			};
			name = Debug;
		};
		128748181BFC425600384F27 /* Release */ = {
			isa = XCBuildConfiguration;
			buildSettings = {
				DEFINES_MODULE = YES;
				DYLIB_COMPATIBILITY_VERSION = 1;
				DYLIB_CURRENT_VERSION = 1;
				DYLIB_INSTALL_NAME_BASE = "@rpath";
				INFOPLIST_FILE = HelloLib/Info.plist;
				INSTALL_PATH = "$(LOCAL_LIBRARY_DIR)/Frameworks";
				LD_RUNPATH_SEARCH_PATHS = "$(inherited) @executable_path/Frameworks @loader_path/Frameworks";
				PRODUCT_BUNDLE_IDENTIFIER = com.chunyu.HelloLib;
				PRODUCT_NAME = "$(TARGET_NAME)";
				SKIP_INSTALL = YES;
			};
			name = Release;
		};
		1287481A1BFC425600384F27 /* Debug */ = {
			isa = XCBuildConfiguration;
			buildSettings = {
				INFOPLIST_FILE = HelloLibTests/Info.plist;
				LD_RUNPATH_SEARCH_PATHS = "$(inherited) @executable_path/Frameworks @loader_path/Frameworks";
				PRODUCT_BUNDLE_IDENTIFIER = com.chunyu.HelloLibTests;
				PRODUCT_NAME = "$(TARGET_NAME)";
			};
			name = Debug;
		};
		1287481B1BFC425600384F27 /* Release */ = {
			isa = XCBuildConfiguration;
			buildSettings = {
				INFOPLIST_FILE = HelloLibTests/Info.plist;
				LD_RUNPATH_SEARCH_PATHS = "$(inherited) @executable_path/Frameworks @loader_path/Frameworks";
				PRODUCT_BUNDLE_IDENTIFIER = com.chunyu.HelloLibTests;
				PRODUCT_NAME = "$(TARGET_NAME)";
			};
			name = Release;
		};
/* End XCBuildConfiguration section */

/* Begin XCConfigurationList section */
		128747FC1BFC425500384F27 /* Build configuration list for PBXProject "HelloLib" */ = {
			isa = XCConfigurationList;
			buildConfigurations = (
				128748141BFC425600384F27 /* Debug */,
				128748151BFC425600384F27 /* Release */,
			);
			defaultConfigurationIsVisible = 0;
			defaultConfigurationName = Release;
		};
		128748161BFC425600384F27 /* Build configuration list for PBXNativeTarget "HelloLib" */ = {
			isa = XCConfigurationList;
			buildConfigurations = (
				128748171BFC425600384F27 /* Debug */,
				128748181BFC425600384F27 /* Release */,
			);
			defaultConfigurationIsVisible = 0;
		};
		128748191BFC425600384F27 /* Build configuration list for PBXNativeTarget "HelloLibTests" */ = {
			isa = XCConfigurationList;
			buildConfigurations = (
				1287481A1BFC425600384F27 /* Debug */,
				1287481B1BFC425600384F27 /* Release */,
			);
			defaultConfigurationIsVisible = 0;
		};
/* End XCConfigurationList section */
	};
	rootObject = 128747F91BFC425500384F27 /* Project object */;
}
